{
  "version": 4,
  "terraform_version": "1.6.2",
  "serial": 50,
  "lineage": "ef215667-dae5-d390-c818-4cdfcf30ad8c",
  "outputs": {
    "web_servers_ips": {
      "value": {
        "zksync-0": "159.69.215.207"
      },
      "type": [
        "object",
        {
          "zksync-0": "string"
        }
      ]
    },
    "web_servers_status": {
      "value": {
        "zksync-0": "running"
      },
      "type": [
        "object",
        {
          "zksync-0": "string"
        }
      ]
    }
  },
  "resources": [
    {
      "mode": "managed",
      "type": "hcloud_network",
      "name": "hc_private",
      "provider": "provider[\"registry.terraform.io/hetznercloud/hcloud\"]",
      "instances": [
        {
          "schema_version": 0,
          "attributes": {
            "delete_protection": false,
            "expose_routes_to_vswitch": false,
            "id": "3492827",
            "ip_range": "10.0.1.0/24",
            "labels": null,
            "name": "hc_private"
          },
          "sensitive_attributes": [],
          "private": "bnVsbA=="
        }
      ]
    },
    {
      "mode": "managed",
      "type": "hcloud_network_subnet",
      "name": "hc_private_subnet",
      "provider": "provider[\"registry.terraform.io/hetznercloud/hcloud\"]",
      "instances": [
        {
          "schema_version": 0,
          "attributes": {
            "gateway": "10.0.1.1",
            "id": "3492827-10.0.1.0/24",
            "ip_range": "10.0.1.0/24",
            "network_id": 3492827,
            "network_zone": "eu-central",
            "type": "cloud",
            "vswitch_id": null
          },
          "sensitive_attributes": [],
          "private": "bnVsbA==",
          "dependencies": [
            "hcloud_network.hc_private"
          ]
        }
      ]
    },
    {
      "mode": "managed",
      "type": "hcloud_server",
      "name": "web",
      "provider": "provider[\"registry.terraform.io/hetznercloud/hcloud\"]",
      "instances": [
        {
          "index_key": 0,
          "schema_version": 0,
          "attributes": {
            "allow_deprecated_images": false,
            "backup_window": "",
            "backups": false,
            "datacenter": "nbg1-dc3",
            "delete_protection": false,
            "firewall_ids": [],
            "id": "38640126",
            "ignore_remote_firewall_ids": false,
            "image": "debian-12",
            "ipv4_address": "159.69.215.207",
            "ipv6_address": "2a01:4f8:1c1c:1fcb::1",
            "ipv6_network": "2a01:4f8:1c1c:1fcb::/64",
            "iso": null,
            "keep_disk": false,
            "labels": {
              "type": "web"
            },
            "location": "nbg1",
            "name": "zksync-0",
            "network": [],
            "placement_group_id": null,
            "public_net": [],
            "rebuild_protection": false,
            "rescue": null,
            "server_type": "cx31",
            "shutdown_before_deletion": false,
            "ssh_keys": [
              "16456466"
            ],
            "status": "running",
            "timeouts": null,
            "user_data": "rZFllq+PURrdjCj8BVfXrBpom1A="
          },
          "sensitive_attributes": [],
          "private": "eyJlMmJmYjczMC1lY2FhLTExZTYtOGY4OC0zNDM2M2JjN2M0YzAiOnsiY3JlYXRlIjo1NDAwMDAwMDAwMDAwfX0=",
          "dependencies": [
            "hcloud_ssh_key.default"
          ]
        }
      ]
    },
    {
      "mode": "managed",
      "type": "hcloud_server_network",
      "name": "web_network",
      "provider": "provider[\"registry.terraform.io/hetznercloud/hcloud\"]",
      "instances": [
        {
          "index_key": 0,
          "schema_version": 0,
          "attributes": {
            "alias_ips": null,
            "id": "38640126-3492827",
            "ip": "10.0.1.2",
            "mac_address": "86:00:00:63:91:f5",
            "network_id": null,
            "server_id": 38640126,
            "subnet_id": "3492827-10.0.1.0/24"
          },
          "sensitive_attributes": [],
          "private": "bnVsbA==",
          "dependencies": [
            "hcloud_network.hc_private",
            "hcloud_network_subnet.hc_private_subnet",
            "hcloud_server.web",
            "hcloud_ssh_key.default"
          ]
        }
      ]
    },
    {
      "mode": "managed",
      "type": "hcloud_ssh_key",
      "name": "default",
      "provider": "provider[\"registry.terraform.io/hetznercloud/hcloud\"]",
      "instances": [
        {
          "schema_version": 0,
          "attributes": {
            "fingerprint": "72:65:29:8a:e0:48:f4:fa:42:47:ee:5f:7e:8f:a4:43",
            "id": "16456466",
            "labels": null,
            "name": "hetzner_zk_key",
            "public_key": "ssh-rsa AAAAB3NzaC1yc2EAAAADAQABAAACAQC6qU90rL3jmSCdGsCP/kMMkvaI3hhoI1vGGe0sLZ+gJYdL9srEEkDImmV5y+Rxwg46zfIMh6v3WTYv+Lf1e/AfSxd2q7WPZ/Vpk1wqzQydS8cA+ufNT11W45fj++uKLHuUx5dbkXGGgkLjXKVxvW1Z1g6eaIYP7KDS8UR+2nlx0DEiXjr30jBqfMqOs1NMz8ILmznQkoUGl4zztHVrlpwPTqiCi4fPKed/OZR/FmNgiIJ8HJSIN/ovqj/qzXKC6C+SPArmlVt5QoOU0vN+6dWgHpJ4vB+xaUZtY0HYl0dm+NsFe8kOgfQPHAuffDl0G95qj9LDl9mAcIBl1rzRQ9JpKHjxPorWhnSy6+mJ3AI4q9hCqLuN4OSCDM4YvdJPSdj33oOFP9oX2KxwJfo7NRbUioB/gANjbFwWFr1dKHozV6z2NvORPW5jnpCCAZQdNSqd62S7Gy4Gtdk4NJo3myEyUE9sxdShYW44UnTUhvvGXGlJ06P78v7jbuozpOjRZYGICPwsCYmdmVDTnzRvwrsbXfXmmIaaUyh+7OaGVqOnaaPqrCbCrm1lYzRpkzLpX2acBqmX/Mh9VpYW6poLFxz/sjVuiM21u/0BlcJHsnc71UKxctM2dyUM66duDRYBlhAPtg2GehitYEHzQ2r1wKQRCSHA/r8GZipBf58WA3Q9cw== lambda@lambdas-MacBook-Air.local\n"
          },
          "sensitive_attributes": [],
          "private": "bnVsbA=="
        }
      ]
    },
    {
      "mode": "managed",
      "type": "hcloud_volume",
      "name": "web_server_volume",
      "provider": "provider[\"registry.terraform.io/hetznercloud/hcloud\"]",
      "instances": [
        {
          "index_key": 0,
          "schema_version": 0,
          "attributes": {
            "automount": null,
            "delete_protection": false,
            "format": "xfs",
            "id": "100030472",
            "labels": null,
            "linux_device": "/dev/disk/by-id/scsi-0HC_Volume_100030472",
            "location": "nbg1",
            "name": "zk-server-volume-0",
            "server_id": null,
            "size": 50
          },
          "sensitive_attributes": [],
          "private": "bnVsbA=="
        }
      ]
    },
    {
      "mode": "managed",
      "type": "hcloud_volume_attachment",
      "name": "web_vol_attachment",
      "provider": "provider[\"registry.terraform.io/hetznercloud/hcloud\"]",
      "instances": [
        {
          "index_key": 0,
          "schema_version": 0,
          "attributes": {
            "automount": true,
            "id": "100030472",
            "server_id": 38640126,
            "volume_id": 100030472
          },
          "sensitive_attributes": [],
          "private": "bnVsbA==",
          "dependencies": [
            "hcloud_server.web",
            "hcloud_ssh_key.default",
            "hcloud_volume.web_server_volume"
          ]
        }
      ]
    }
  ],
  "check_results": null
}
